
Microsoft Visual Studio Solution File, Format Version 12.00
# Visual Studio 15
VisualStudioVersion = 15.0.28307.102
MinimumVisualStudioVersion = 10.0.40219.1
Project("{FAE04EC0-301F-11D3-BF4B-00C04F79EFBC}") = "MirrativIF", "MirrativIF\MirrativIF.csproj", "{D2C2C0AF-3A29-45F7-B653-CF20AACAA051}"
EndProject
Global
	GlobalSection(SolutionConfigurationPlatforms) = preSolution
		Debug|Any CPU = Debug|Any CPU
		Release|Any CPU = Release|Any CPU
	EndGlobalSection
	GlobalSection(ProjectConfigurationPlatforms) = postSolution
		{D2C2C0AF-3A29-45F7-B653-CF20AACAA051}.Debug|Any CPU.ActiveCfg = Debug|Any CPU
		{D2C2C0AF-3A29-45F7-B653-CF20AACAA051}.Debug|Any CPU.Build.0 = Debug|Any CPU
		{D2C2C0AF-3A29-45F7-B653-CF20AACAA051}.Release|Any CPU.ActiveCfg = Release|Any CPU
		{D2C2C0AF-3A29-45F7-B653-CF20AACAA051}.Release|Any CPU.Build.0 = Release|Any CPU
	EndGlobalSection
	GlobalSection(SolutionProperties) = preSolution
		HideSolutionNode = FALSE
	EndGlobalSection
	GlobalSection(ExtensibilityGlobals) = postSolution
		SolutionGuid = {0672527D-5CEE-4F7D-9D79-C730A7205746}
	EndGlobalSection
EndGlobal
